
Microsoft Visual Studio Solution File, Format Version 12.00
# Visual Studio Version 16
VisualStudioVersion = 16.0.30225.117
MinimumVisualStudioVersion = 10.0.40219.1
Project("{9A19103F-16F7-4668-BE54-9A1E7A4F7556}") = "Devboost.DroneDelivery.Api", "Devboost.DroneDelivery.Api\Devboost.DroneDelivery.Api.csproj", "{9DCC19A4-BD51-4A67-BB6E-4A7156094614}"
EndProject
Project("{9A19103F-16F7-4668-BE54-9A1E7A4F7556}") = "Devboost.DroneDelivery.Domain", "Devboost.DroneDelivery.Domain\Devboost.DroneDelivery.Domain.csproj", "{67350861-CAAB-4741-AD92-02D11B92C23F}"
EndProject
Project("{9A19103F-16F7-4668-BE54-9A1E7A4F7556}") = "Devboost.DroneDelivery.DomainService", "Devboost.DroneDelivery.DomainService\Devboost.DroneDelivery.DomainService.csproj", "{CFE875EE-006C-4D90-8FFD-FA99A9B0F2BD}"
EndProject
Project("{9A19103F-16F7-4668-BE54-9A1E7A4F7556}") = "Devboost.DroneDelivery.Repository", "Devboost.DroneDelivery.Repository\Devboost.DroneDelivery.Repository.csproj", "{E44FAB15-B9B1-4583-ADCC-7D1B0EC5B72F}"
EndProject
Project("{9A19103F-16F7-4668-BE54-9A1E7A4F7556}") = "Devboost.DroneDelivery.IoC", "Devboost.DroneDelivery.IoC\Devboost.DroneDelivery.IoC.csproj", "{BA14E1AC-3CF9-440E-BBFB-7358497B51B4}"
EndProject
Project("{9A19103F-16F7-4668-BE54-9A1E7A4F7556}") = "Devboost.DroneDelivery.UnitTestsTDD", "Devboost.DroneDelivery.UnitTestsTDD\Devboost.DroneDelivery.UnitTestsTDD.csproj", "{90043B00-E8D3-4DDB-BFC4-518B6166AC0B}"
EndProject
Project("{9A19103F-16F7-4668-BE54-9A1E7A4F7556}") = "Devboost.DroneDelivery.UnitTestsBDD", "Devboost.DroneDelivery.UnitTestsBDD\Devboost.DroneDelivery.UnitTestsBDD.csproj", "{F02401B8-A70C-4AF3-BF9A-5FAD0A0FE26D}"
EndProject
Project("{2150E333-8FDC-42A3-9474-1A3956D46DE8}") = "Pagamentos", "Pagamentos", "{1ABF9155-5C10-4C7A-A07C-86B3C6B1623E}"
EndProject
Project("{9A19103F-16F7-4668-BE54-9A1E7A4F7556}") = "Devboost.Pagamentos.Api", "Devboost.Pagamentos.Api\Devboost.Pagamentos.Api.csproj", "{85EE6CEF-EA91-4B92-8C13-DE1AF54D90D4}"
EndProject
Project("{9A19103F-16F7-4668-BE54-9A1E7A4F7556}") = "Devboost.Pagamentos.Domain", "Devboost.Pagamentos.Domain\Devboost.Pagamentos.Domain.csproj", "{C13BFC82-FAFF-402F-903D-269B13280E58}"
EndProject
Project("{9A19103F-16F7-4668-BE54-9A1E7A4F7556}") = "Devboost.Pagamentos.Repository", "Devboost.Pagamentos.Repository\Devboost.Pagamentos.Repository.csproj", "{34B806D6-D4D7-4D43-A4D4-F7B63B563974}"
EndProject
Project("{9A19103F-16F7-4668-BE54-9A1E7A4F7556}") = "Devboost.Pagamentos.IoC", "Devboost.Pagamentos.IoC\Devboost.Pagamentos.IoC.csproj", "{C796E4DC-8E56-407F-B7BA-465D46415756}"
EndProject
Project("{2150E333-8FDC-42A3-9474-1A3956D46DE8}") = "DroneDelivery", "DroneDelivery", "{55984A5E-5BEF-43BF-806B-0241A7C6D2D8}"
EndProject
Project("{9A19103F-16F7-4668-BE54-9A1E7A4F7556}") = "Devboost.Pagamentos.DomainService", "Devboost.Pagamentos.DomainService\Devboost.Pagamentos.DomainService.csproj", "{EA038E3B-F6C2-4754-A224-42C70EA38020}"
EndProject
Project("{9A19103F-16F7-4668-BE54-9A1E7A4F7556}") = "Devboost.Pagamentos.UnitTestsTDD", "Devboost.Pagamentos.UnitTestsTDD\Devboost.Pagamentos.UnitTestsTDD.csproj", "{3A61913B-5528-4556-92A2-8047205BF562}"
EndProject
Project("{2150E333-8FDC-42A3-9474-1A3956D46DE8}") = "1 - EntryPoint", "1 - EntryPoint", "{A3998B9A-7987-445E-BE7C-5DBFF7F0BDFD}"
EndProject
Project("{2150E333-8FDC-42A3-9474-1A3956D46DE8}") = "2 - Domain", "2 - Domain", "{7421463D-90DB-49B0-9684-D6AEA38975DA}"
EndProject
Project("{2150E333-8FDC-42A3-9474-1A3956D46DE8}") = "3 - Infra", "3 - Infra", "{F008223B-4F7F-46EF-A55A-6A5A6A8F2C9E}"
EndProject
Project("{2150E333-8FDC-42A3-9474-1A3956D46DE8}") = "4 - Tests", "4 - Tests", "{36C2BA87-3799-4D3D-8217-35D041763F10}"
EndProject
Project("{9A19103F-16F7-4668-BE54-9A1E7A4F7556}") = "Devboost.Pagamentos.External", "Devboost.Pagamentos.External\Devboost.Pagamentos.External.csproj", "{30A0F3D9-F592-43B0-90CA-0A3F9EE8F735}"
EndProject
Project("{2150E333-8FDC-42A3-9474-1A3956D46DE8}") = "1 - EntryPoint", "1 - EntryPoint", "{CB8A9C66-EFD2-41B4-84CF-D6BCAF60B032}"
EndProject
Project("{2150E333-8FDC-42A3-9474-1A3956D46DE8}") = "2 - Domain", "2 - Domain", "{2CD247B2-7FB3-4A1C-896A-898DF5180D18}"
EndProject
Project("{2150E333-8FDC-42A3-9474-1A3956D46DE8}") = "3 - Infra", "3 - Infra", "{38B496A7-2860-4246-AE4B-9699CF6C2160}"
EndProject
Project("{2150E333-8FDC-42A3-9474-1A3956D46DE8}") = "4 - Tests", "4 - Tests", "{3EADE89E-3B7C-4C84-B8AC-747EE4172E00}"
EndProject
Project("{9A19103F-16F7-4668-BE54-9A1E7A4F7556}") = "Devboost.Pagamentos.UnitTestsBDD", "Devboost.Pagamentos.UnitTestsBDD\Devboost.Pagamentos.UnitTestsBDD.csproj", "{3C9CD6AE-6D17-4807-974D-679B27F73F6C}"
EndProject
Project("{2150E333-8FDC-42A3-9474-1A3956D46DE8}") = "Consumer", "Consumer", "{EEFCC5CD-D945-4A50-8238-F39A0E7D23AD}"
EndProject
Project("{9A19103F-16F7-4668-BE54-9A1E7A4F7556}") = "devboost.DroneDelivery.Kafka.Consumer", "devboost.DroneDelivery.Kafka.Consumer\devboost.DroneDelivery.Kafka.Consumer.csproj", "{815622B2-8F99-4F2D-8248-F994089332DF}"
EndProject
Project("{9A19103F-16F7-4668-BE54-9A1E7A4F7556}") = "Devboost.Pagamentos.Kafka.Consumer", "Devboost.Pagamentos.Kafka.Consumer\Devboost.Pagamentos.Kafka.Consumer.csproj", "{E8CF0084-04A3-499B-80C5-195F896A60DB}"
EndProject
Project("{FAE04EC0-301F-11D3-BF4B-00C04F79EFBC}") = "Devboost.DroneDelivery.External", "Devboost.DroneDelivery.External\Devboost.DroneDelivery.External.csproj", "{93602432-5CC2-4CD4-B8AF-92E763595FED}"
EndProject
Global
	GlobalSection(SolutionConfigurationPlatforms) = preSolution
		Debug|Any CPU = Debug|Any CPU
		Release|Any CPU = Release|Any CPU
	EndGlobalSection
	GlobalSection(ProjectConfigurationPlatforms) = postSolution
		{9DCC19A4-BD51-4A67-BB6E-4A7156094614}.Debug|Any CPU.ActiveCfg = Debug|Any CPU
		{9DCC19A4-BD51-4A67-BB6E-4A7156094614}.Debug|Any CPU.Build.0 = Debug|Any CPU
		{9DCC19A4-BD51-4A67-BB6E-4A7156094614}.Release|Any CPU.ActiveCfg = Release|Any CPU
		{9DCC19A4-BD51-4A67-BB6E-4A7156094614}.Release|Any CPU.Build.0 = Release|Any CPU
		{67350861-CAAB-4741-AD92-02D11B92C23F}.Debug|Any CPU.ActiveCfg = Debug|Any CPU
		{67350861-CAAB-4741-AD92-02D11B92C23F}.Debug|Any CPU.Build.0 = Debug|Any CPU
		{67350861-CAAB-4741-AD92-02D11B92C23F}.Release|Any CPU.ActiveCfg = Release|Any CPU
		{67350861-CAAB-4741-AD92-02D11B92C23F}.Release|Any CPU.Build.0 = Release|Any CPU
		{CFE875EE-006C-4D90-8FFD-FA99A9B0F2BD}.Debug|Any CPU.ActiveCfg = Debug|Any CPU
		{CFE875EE-006C-4D90-8FFD-FA99A9B0F2BD}.Debug|Any CPU.Build.0 = Debug|Any CPU
		{CFE875EE-006C-4D90-8FFD-FA99A9B0F2BD}.Release|Any CPU.ActiveCfg = Release|Any CPU
		{CFE875EE-006C-4D90-8FFD-FA99A9B0F2BD}.Release|Any CPU.Build.0 = Release|Any CPU
		{E44FAB15-B9B1-4583-ADCC-7D1B0EC5B72F}.Debug|Any CPU.ActiveCfg = Debug|Any CPU
		{E44FAB15-B9B1-4583-ADCC-7D1B0EC5B72F}.Debug|Any CPU.Build.0 = Debug|Any CPU
		{E44FAB15-B9B1-4583-ADCC-7D1B0EC5B72F}.Release|Any CPU.ActiveCfg = Release|Any CPU
		{E44FAB15-B9B1-4583-ADCC-7D1B0EC5B72F}.Release|Any CPU.Build.0 = Release|Any CPU
		{BA14E1AC-3CF9-440E-BBFB-7358497B51B4}.Debug|Any CPU.ActiveCfg = Debug|Any CPU
		{BA14E1AC-3CF9-440E-BBFB-7358497B51B4}.Debug|Any CPU.Build.0 = Debug|Any CPU
		{BA14E1AC-3CF9-440E-BBFB-7358497B51B4}.Release|Any CPU.ActiveCfg = Release|Any CPU
		{BA14E1AC-3CF9-440E-BBFB-7358497B51B4}.Release|Any CPU.Build.0 = Release|Any CPU
		{90043B00-E8D3-4DDB-BFC4-518B6166AC0B}.Debug|Any CPU.ActiveCfg = Debug|Any CPU
		{90043B00-E8D3-4DDB-BFC4-518B6166AC0B}.Debug|Any CPU.Build.0 = Debug|Any CPU
		{90043B00-E8D3-4DDB-BFC4-518B6166AC0B}.Release|Any CPU.ActiveCfg = Release|Any CPU
		{90043B00-E8D3-4DDB-BFC4-518B6166AC0B}.Release|Any CPU.Build.0 = Release|Any CPU
		{F02401B8-A70C-4AF3-BF9A-5FAD0A0FE26D}.Debug|Any CPU.ActiveCfg = Debug|Any CPU
		{F02401B8-A70C-4AF3-BF9A-5FAD0A0FE26D}.Debug|Any CPU.Build.0 = Debug|Any CPU
		{F02401B8-A70C-4AF3-BF9A-5FAD0A0FE26D}.Release|Any CPU.ActiveCfg = Release|Any CPU
		{F02401B8-A70C-4AF3-BF9A-5FAD0A0FE26D}.Release|Any CPU.Build.0 = Release|Any CPU
		{85EE6CEF-EA91-4B92-8C13-DE1AF54D90D4}.Debug|Any CPU.ActiveCfg = Debug|Any CPU
		{85EE6CEF-EA91-4B92-8C13-DE1AF54D90D4}.Debug|Any CPU.Build.0 = Debug|Any CPU
		{85EE6CEF-EA91-4B92-8C13-DE1AF54D90D4}.Release|Any CPU.ActiveCfg = Release|Any CPU
		{85EE6CEF-EA91-4B92-8C13-DE1AF54D90D4}.Release|Any CPU.Build.0 = Release|Any CPU
		{C13BFC82-FAFF-402F-903D-269B13280E58}.Debug|Any CPU.ActiveCfg = Debug|Any CPU
		{C13BFC82-FAFF-402F-903D-269B13280E58}.Debug|Any CPU.Build.0 = Debug|Any CPU
		{C13BFC82-FAFF-402F-903D-269B13280E58}.Release|Any CPU.ActiveCfg = Release|Any CPU
		{C13BFC82-FAFF-402F-903D-269B13280E58}.Release|Any CPU.Build.0 = Release|Any CPU
		{34B806D6-D4D7-4D43-A4D4-F7B63B563974}.Debug|Any CPU.ActiveCfg = Debug|Any CPU
		{34B806D6-D4D7-4D43-A4D4-F7B63B563974}.Debug|Any CPU.Build.0 = Debug|Any CPU
		{34B806D6-D4D7-4D43-A4D4-F7B63B563974}.Release|Any CPU.ActiveCfg = Release|Any CPU
		{34B806D6-D4D7-4D43-A4D4-F7B63B563974}.Release|Any CPU.Build.0 = Release|Any CPU
		{C796E4DC-8E56-407F-B7BA-465D46415756}.Debug|Any CPU.ActiveCfg = Debug|Any CPU
		{C796E4DC-8E56-407F-B7BA-465D46415756}.Debug|Any CPU.Build.0 = Debug|Any CPU
		{C796E4DC-8E56-407F-B7BA-465D46415756}.Release|Any CPU.ActiveCfg = Release|Any CPU
		{C796E4DC-8E56-407F-B7BA-465D46415756}.Release|Any CPU.Build.0 = Release|Any CPU
		{EA038E3B-F6C2-4754-A224-42C70EA38020}.Debug|Any CPU.ActiveCfg = Debug|Any CPU
		{EA038E3B-F6C2-4754-A224-42C70EA38020}.Debug|Any CPU.Build.0 = Debug|Any CPU
		{EA038E3B-F6C2-4754-A224-42C70EA38020}.Release|Any CPU.ActiveCfg = Release|Any CPU
		{EA038E3B-F6C2-4754-A224-42C70EA38020}.Release|Any CPU.Build.0 = Release|Any CPU
		{3A61913B-5528-4556-92A2-8047205BF562}.Debug|Any CPU.ActiveCfg = Debug|Any CPU
		{3A61913B-5528-4556-92A2-8047205BF562}.Debug|Any CPU.Build.0 = Debug|Any CPU
		{3A61913B-5528-4556-92A2-8047205BF562}.Release|Any CPU.ActiveCfg = Release|Any CPU
		{3A61913B-5528-4556-92A2-8047205BF562}.Release|Any CPU.Build.0 = Release|Any CPU
		{30A0F3D9-F592-43B0-90CA-0A3F9EE8F735}.Debug|Any CPU.ActiveCfg = Debug|Any CPU
		{30A0F3D9-F592-43B0-90CA-0A3F9EE8F735}.Debug|Any CPU.Build.0 = Debug|Any CPU
		{30A0F3D9-F592-43B0-90CA-0A3F9EE8F735}.Release|Any CPU.ActiveCfg = Release|Any CPU
		{30A0F3D9-F592-43B0-90CA-0A3F9EE8F735}.Release|Any CPU.Build.0 = Release|Any CPU
		{3C9CD6AE-6D17-4807-974D-679B27F73F6C}.Debug|Any CPU.ActiveCfg = Debug|Any CPU
		{3C9CD6AE-6D17-4807-974D-679B27F73F6C}.Debug|Any CPU.Build.0 = Debug|Any CPU
		{3C9CD6AE-6D17-4807-974D-679B27F73F6C}.Release|Any CPU.ActiveCfg = Release|Any CPU
		{3C9CD6AE-6D17-4807-974D-679B27F73F6C}.Release|Any CPU.Build.0 = Release|Any CPU
		{815622B2-8F99-4F2D-8248-F994089332DF}.Debug|Any CPU.ActiveCfg = Debug|Any CPU
		{815622B2-8F99-4F2D-8248-F994089332DF}.Debug|Any CPU.Build.0 = Debug|Any CPU
		{815622B2-8F99-4F2D-8248-F994089332DF}.Release|Any CPU.ActiveCfg = Release|Any CPU
		{815622B2-8F99-4F2D-8248-F994089332DF}.Release|Any CPU.Build.0 = Release|Any CPU
		{E8CF0084-04A3-499B-80C5-195F896A60DB}.Debug|Any CPU.ActiveCfg = Debug|Any CPU
		{E8CF0084-04A3-499B-80C5-195F896A60DB}.Debug|Any CPU.Build.0 = Debug|Any CPU
		{E8CF0084-04A3-499B-80C5-195F896A60DB}.Release|Any CPU.ActiveCfg = Release|Any CPU
		{E8CF0084-04A3-499B-80C5-195F896A60DB}.Release|Any CPU.Build.0 = Release|Any CPU
		{93602432-5CC2-4CD4-B8AF-92E763595FED}.Debug|Any CPU.ActiveCfg = Debug|Any CPU
		{93602432-5CC2-4CD4-B8AF-92E763595FED}.Debug|Any CPU.Build.0 = Debug|Any CPU
		{93602432-5CC2-4CD4-B8AF-92E763595FED}.Release|Any CPU.ActiveCfg = Release|Any CPU
		{93602432-5CC2-4CD4-B8AF-92E763595FED}.Release|Any CPU.Build.0 = Release|Any CPU
	EndGlobalSection
	GlobalSection(SolutionProperties) = preSolution
		HideSolutionNode = FALSE
	EndGlobalSection
	GlobalSection(NestedProjects) = preSolution
		{9DCC19A4-BD51-4A67-BB6E-4A7156094614} = {CB8A9C66-EFD2-41B4-84CF-D6BCAF60B032}
		{67350861-CAAB-4741-AD92-02D11B92C23F} = {2CD247B2-7FB3-4A1C-896A-898DF5180D18}
		{CFE875EE-006C-4D90-8FFD-FA99A9B0F2BD} = {2CD247B2-7FB3-4A1C-896A-898DF5180D18}
		{E44FAB15-B9B1-4583-ADCC-7D1B0EC5B72F} = {38B496A7-2860-4246-AE4B-9699CF6C2160}
		{BA14E1AC-3CF9-440E-BBFB-7358497B51B4} = {38B496A7-2860-4246-AE4B-9699CF6C2160}
		{90043B00-E8D3-4DDB-BFC4-518B6166AC0B} = {3EADE89E-3B7C-4C84-B8AC-747EE4172E00}
		{F02401B8-A70C-4AF3-BF9A-5FAD0A0FE26D} = {3EADE89E-3B7C-4C84-B8AC-747EE4172E00}
		{85EE6CEF-EA91-4B92-8C13-DE1AF54D90D4} = {A3998B9A-7987-445E-BE7C-5DBFF7F0BDFD}
		{C13BFC82-FAFF-402F-903D-269B13280E58} = {7421463D-90DB-49B0-9684-D6AEA38975DA}
		{34B806D6-D4D7-4D43-A4D4-F7B63B563974} = {F008223B-4F7F-46EF-A55A-6A5A6A8F2C9E}
		{C796E4DC-8E56-407F-B7BA-465D46415756} = {F008223B-4F7F-46EF-A55A-6A5A6A8F2C9E}
		{EA038E3B-F6C2-4754-A224-42C70EA38020} = {7421463D-90DB-49B0-9684-D6AEA38975DA}
		{3A61913B-5528-4556-92A2-8047205BF562} = {36C2BA87-3799-4D3D-8217-35D041763F10}
		{A3998B9A-7987-445E-BE7C-5DBFF7F0BDFD} = {1ABF9155-5C10-4C7A-A07C-86B3C6B1623E}
		{7421463D-90DB-49B0-9684-D6AEA38975DA} = {1ABF9155-5C10-4C7A-A07C-86B3C6B1623E}
		{F008223B-4F7F-46EF-A55A-6A5A6A8F2C9E} = {1ABF9155-5C10-4C7A-A07C-86B3C6B1623E}
		{36C2BA87-3799-4D3D-8217-35D041763F10} = {1ABF9155-5C10-4C7A-A07C-86B3C6B1623E}
		{30A0F3D9-F592-43B0-90CA-0A3F9EE8F735} = {F008223B-4F7F-46EF-A55A-6A5A6A8F2C9E}
		{CB8A9C66-EFD2-41B4-84CF-D6BCAF60B032} = {55984A5E-5BEF-43BF-806B-0241A7C6D2D8}
		{2CD247B2-7FB3-4A1C-896A-898DF5180D18} = {55984A5E-5BEF-43BF-806B-0241A7C6D2D8}
		{38B496A7-2860-4246-AE4B-9699CF6C2160} = {55984A5E-5BEF-43BF-806B-0241A7C6D2D8}
		{3EADE89E-3B7C-4C84-B8AC-747EE4172E00} = {55984A5E-5BEF-43BF-806B-0241A7C6D2D8}
		{3C9CD6AE-6D17-4807-974D-679B27F73F6C} = {36C2BA87-3799-4D3D-8217-35D041763F10}
		{815622B2-8F99-4F2D-8248-F994089332DF} = {EEFCC5CD-D945-4A50-8238-F39A0E7D23AD}
		{E8CF0084-04A3-499B-80C5-195F896A60DB} = {EEFCC5CD-D945-4A50-8238-F39A0E7D23AD}
		{93602432-5CC2-4CD4-B8AF-92E763595FED} = {38B496A7-2860-4246-AE4B-9699CF6C2160}
	EndGlobalSection
	GlobalSection(ExtensibilityGlobals) = postSolution
		SolutionGuid = {8B2AD133-1884-428B-8FC3-53615F5B6547}
	EndGlobalSection
EndGlobal
